Microsoft Visual Studio Solution File, Format Version 12.00
# Visual Studio Version 17
VisualStudioVersion = 17.5.2.0
MinimumVisualStudioVersion = 10.0.40219.1
Project("{FAE04EC0-301F-11D3-BF4B-00C04F79EFBC}") = "LimOrleansServerOnlySimulator", "LimOrleansServerOnlySimulator.csproj", "{5E8A160F-E323-2AC9-839B-43CCB6CFBC39}"
EndProject
Global
	GlobalSection(SolutionConfigurationPlatforms) = preSolution
		Debug|Any CPU = Debug|Any CPU
		Release|Any CPU = Release|Any CPU
	EndGlobalSection
	GlobalSection(ProjectConfigurationPlatforms) = postSolution
		{5E8A160F-E323-2AC9-839B-43CCB6CFBC39}.Debug|Any CPU.ActiveCfg = Debug|Any CPU
		{5E8A160F-E323-2AC9-839B-43CCB6CFBC39}.Debug|Any CPU.Build.0 = Debug|Any CPU
		{5E8A160F-E323-2AC9-839B-43CCB6CFBC39}.Release|Any CPU.ActiveCfg = Release|Any CPU
		{5E8A160F-E323-2AC9-839B-43CCB6CFBC39}.Release|Any CPU.Build.0 = Release|Any CPU
	EndGlobalSection
	GlobalSection(SolutionProperties) = preSolution
		HideSolutionNode = FALSE
	EndGlobalSection
	GlobalSection(ExtensibilityGlobals) = postSolution
		SolutionGuid = {2C0FC7E6-DFDB-4BE0-BFA2-3E636416CC47}
	EndGlobalSection
EndGlobal
